
Microsoft Visual Studio Solution File, Format Version 12.00
# Visual Studio Version 17
VisualStudioVersion = 17.4.33205.214
MinimumVisualStudioVersion = 10.0.40219.1
Project("{FAE04EC0-301F-11D3-BF4B-00C04F79EFBC}") = "labs10", "labs10\labs10.csproj", "{30B9D25B-BB1C-4079-9A4A-2BD8EA7A6084}"
EndProject
Global
	GlobalSection(SolutionConfigurationPlatforms) = preSolution
		Debug|Any CPU = Debug|Any CPU
		Release|Any CPU = Release|Any CPU
	EndGlobalSection
	GlobalSection(ProjectConfigurationPlatforms) = postSolution
		{30B9D25B-BB1C-4079-9A4A-2BD8EA7A6084}.Debug|Any CPU.ActiveCfg = Debug|Any CPU
		{30B9D25B-BB1C-4079-9A4A-2BD8EA7A6084}.Debug|Any CPU.Build.0 = Debug|Any CPU
		{30B9D25B-BB1C-4079-9A4A-2BD8EA7A6084}.Release|Any CPU.ActiveCfg = Release|Any CPU
		{30B9D25B-BB1C-4079-9A4A-2BD8EA7A6084}.Release|Any CPU.Build.0 = Release|Any CPU
	EndGlobalSection
	GlobalSection(SolutionProperties) = preSolution
		HideSolutionNode = FALSE
	EndGlobalSection
	GlobalSection(ExtensibilityGlobals) = postSolution
		SolutionGuid = {C89C1421-D352-4E96-ABAE-59DD352C6925}
	EndGlobalSection
EndGlobal
