
Microsoft Visual Studio Solution File, Format Version 12.00
# Visual Studio Version 17
VisualStudioVersion = 17.4.33205.214
MinimumVisualStudioVersion = 10.0.40219.1
Project("{FAE04EC0-301F-11D3-BF4B-00C04F79EFBC}") = "labs_11", "labs_11\labs_11.csproj", "{EA4201D2-898A-4086-AB5E-1AE465A59335}"
EndProject
Global
	GlobalSection(SolutionConfigurationPlatforms) = preSolution
		Debug|Any CPU = Debug|Any CPU
		Release|Any CPU = Release|Any CPU
	EndGlobalSection
	GlobalSection(ProjectConfigurationPlatforms) = postSolution
		{EA4201D2-898A-4086-AB5E-1AE465A59335}.Debug|Any CPU.ActiveCfg = Debug|Any CPU
		{EA4201D2-898A-4086-AB5E-1AE465A59335}.Debug|Any CPU.Build.0 = Debug|Any CPU
		{EA4201D2-898A-4086-AB5E-1AE465A59335}.Release|Any CPU.ActiveCfg = Release|Any CPU
		{EA4201D2-898A-4086-AB5E-1AE465A59335}.Release|Any CPU.Build.0 = Release|Any CPU
	EndGlobalSection
	GlobalSection(SolutionProperties) = preSolution
		HideSolutionNode = FALSE
	EndGlobalSection
	GlobalSection(ExtensibilityGlobals) = postSolution
		SolutionGuid = {1BC4A3B7-5EF1-4E38-AB06-6F37E15AB44D}
	EndGlobalSection
EndGlobal
