
Microsoft Visual Studio Solution File, Format Version 12.00
# Visual Studio Version 17
VisualStudioVersion = 17.4.33205.214
MinimumVisualStudioVersion = 10.0.40219.1
Project("{FAE04EC0-301F-11D3-BF4B-00C04F79EFBC}") = "labs_9", "labs_9\labs_9.csproj", "{475B1638-D6BC-478E-AA9A-D1EEACE49563}"
EndProject
Global
	GlobalSection(SolutionConfigurationPlatforms) = preSolution
		Debug|Any CPU = Debug|Any CPU
		Release|Any CPU = Release|Any CPU
	EndGlobalSection
	GlobalSection(ProjectConfigurationPlatforms) = postSolution
		{475B1638-D6BC-478E-AA9A-D1EEACE49563}.Debug|Any CPU.ActiveCfg = Debug|Any CPU
		{475B1638-D6BC-478E-AA9A-D1EEACE49563}.Debug|Any CPU.Build.0 = Debug|Any CPU
		{475B1638-D6BC-478E-AA9A-D1EEACE49563}.Release|Any CPU.ActiveCfg = Release|Any CPU
		{475B1638-D6BC-478E-AA9A-D1EEACE49563}.Release|Any CPU.Build.0 = Release|Any CPU
	EndGlobalSection
	GlobalSection(SolutionProperties) = preSolution
		HideSolutionNode = FALSE
	EndGlobalSection
	GlobalSection(ExtensibilityGlobals) = postSolution
		SolutionGuid = {02629E3B-9750-497A-A8A0-475C4CE7C4DF}
	EndGlobalSection
EndGlobal
